
Microsoft Visual Studio Solution File, Format Version 12.00
# Visual Studio Version 16
VisualStudioVersion = 16.0.30413.136
MinimumVisualStudioVersion = 10.0.40219.1
Project("{FAE04EC0-301F-11D3-BF4B-00C04F79EFBC}") = "InterfaceIComparable", "InterfaceIComparable\InterfaceIComparable.csproj", "{4266288A-678D-4440-9959-0C8F2155EC06}"
EndProject
Global
	GlobalSection(SolutionConfigurationPlatforms) = preSolution
		Debug|Any CPU = Debug|Any CPU
		Release|Any CPU = Release|Any CPU
	EndGlobalSection
	GlobalSection(ProjectConfigurationPlatforms) = postSolution
		{4266288A-678D-4440-9959-0C8F2155EC06}.Debug|Any CPU.ActiveCfg = Debug|Any CPU
		{4266288A-678D-4440-9959-0C8F2155EC06}.Debug|Any CPU.Build.0 = Debug|Any CPU
		{4266288A-678D-4440-9959-0C8F2155EC06}.Release|Any CPU.ActiveCfg = Release|Any CPU
		{4266288A-678D-4440-9959-0C8F2155EC06}.Release|Any CPU.Build.0 = Release|Any CPU
	EndGlobalSection
	GlobalSection(SolutionProperties) = preSolution
		HideSolutionNode = FALSE
	EndGlobalSection
	GlobalSection(ExtensibilityGlobals) = postSolution
		SolutionGuid = {C5CA8B69-1984-4959-BC99-9F2F03917900}
	EndGlobalSection
EndGlobal
